// !$*UTF8*$!
{
	archiveVersion = 1;
	classes = {
	};
	objectVersion = 50;
	objects = {

/* Begin PBXBuildFile section */
		0603A273237CF80D0076E420 /* TodayDetailView.swift in Sources */ = {isa = PBXBuildFile; fileRef = 0603A272237CF80D0076E420 /* TodayDetailView.swift */; };
		0603A279237D251C0076E420 /* SirinStencil-Regular.ttf in Resources */ = {isa = PBXBuildFile; fileRef = 0603A278237D251C0076E420 /* SirinStencil-Regular.ttf */; };
		0603A27A237D25270076E420 /* SirinStencil-Regular.ttf in Sources */ = {isa = PBXBuildFile; fileRef = 0603A278237D251C0076E420 /* SirinStencil-Regular.ttf */; };
		0603A282237DE2670076E420 /* CocoaLumberjack.framework in Frameworks */ = {isa = PBXBuildFile; fileRef = 0603A280237DE25A0076E420 /* CocoaLumberjack.framework */; };
		0603A283237DE2670076E420 /* CocoaLumberjack.framework in Embed Frameworks */ = {isa = PBXBuildFile; fileRef = 0603A280237DE25A0076E420 /* CocoaLumberjack.framework */; settings = {ATTRIBUTES = (CodeSignOnCopy, RemoveHeadersOnCopy, ); }; };
		0603A286237DF1C20076E420 /* Bridge.m in Sources */ = {isa = PBXBuildFile; fileRef = 0603A285237DF1C20076E420 /* Bridge.m */; };
		0603A289237E2C9B0076E420 /* SVGKit.framework in Frameworks */ = {isa = PBXBuildFile; fileRef = 0603A287237E2C6C0076E420 /* SVGKit.framework */; };
		0603A28A237E2C9B0076E420 /* SVGKit.framework in Embed Frameworks */ = {isa = PBXBuildFile; fileRef = 0603A287237E2C6C0076E420 /* SVGKit.framework */; settings = {ATTRIBUTES = (CodeSignOnCopy, RemoveHeadersOnCopy, ); }; };
		0603A37B2384FE4F0021D79C /* JointViewController.swift in Sources */ = {isa = PBXBuildFile; fileRef = 0603A37A2384FE4F0021D79C /* JointViewController.swift */; };
		0603A37D2384FE6C0021D79C /* DrawingJointView.swift in Sources */ = {isa = PBXBuildFile; fileRef = 0603A37C2384FE6C0021D79C /* DrawingJointView.swift */; };
		0603A3812384FE900021D79C /* model_cpm.mlmodel in Sources */ = {isa = PBXBuildFile; fileRef = 0603A37F2384FE900021D79C /* model_cpm.mlmodel */; };
		0603A3862384FEA70021D79C /* MovingAverageFilter.swift in Sources */ = {isa = PBXBuildFile; fileRef = 0603A3822384FEA60021D79C /* MovingAverageFilter.swift */; };
		0603A3872384FEA70021D79C /* HeatmapPostProcessor.swift in Sources */ = {isa = PBXBuildFile; fileRef = 0603A3832384FEA60021D79C /* HeatmapPostProcessor.swift */; };
		0603A3882384FEA70021D79C /* UIImage+CVPixelBuffer.swift in Sources */ = {isa = PBXBuildFile; fileRef = 0603A3842384FEA70021D79C /* UIImage+CVPixelBuffer.swift */; };
		0603A3892384FEA70021D79C /* PredictedPoint.swift in Sources */ = {isa = PBXBuildFile; fileRef = 0603A3852384FEA70021D79C /* PredictedPoint.swift */; };
		0603A38C2384FEB30021D79C /* VideoCapture.swift in Sources */ = {isa = PBXBuildFile; fileRef = 0603A38A2384FEB20021D79C /* VideoCapture.swift */; };
		0603A38D2384FEB30021D79C /* Measure.swift in Sources */ = {isa = PBXBuildFile; fileRef = 0603A38B2384FEB30021D79C /* Measure.swift */; };
		067ED64D23690E9F004FA82D /* AppDelegate.swift in Sources */ = {isa = PBXBuildFile; fileRef = 067ED64C23690E9F004FA82D /* AppDelegate.swift */; };
		067ED64F23690E9F004FA82D /* SceneDelegate.swift in Sources */ = {isa = PBXBuildFile; fileRef = 067ED64E23690E9F004FA82D /* SceneDelegate.swift */; };
		067ED65223690E9F004FA82D /* Fitnetic.xcdatamodeld in Sources */ = {isa = PBXBuildFile; fileRef = 067ED65023690E9F004FA82D /* Fitnetic.xcdatamodeld */; };
		067ED65423690E9F004FA82D /* ContentView.swift in Sources */ = {isa = PBXBuildFile; fileRef = 067ED65323690E9F004FA82D /* ContentView.swift */; };
		067ED65623690EA1004FA82D /* Assets.xcassets in Resources */ = {isa = PBXBuildFile; fileRef = 067ED65523690EA1004FA82D /* Assets.xcassets */; };
		067ED65923690EA1004FA82D /* Preview Assets.xcassets in Resources */ = {isa = PBXBuildFile; fileRef = 067ED65823690EA1004FA82D /* Preview Assets.xcassets */; };
		067ED65C23690EA1004FA82D /* LaunchScreen.storyboard in Resources */ = {isa = PBXBuildFile; fileRef = 067ED65A23690EA1004FA82D /* LaunchScreen.storyboard */; };
		067ED66723690EA2004FA82D /* FitneticTests.swift in Sources */ = {isa = PBXBuildFile; fileRef = 067ED66623690EA2004FA82D /* FitneticTests.swift */; };
		067ED675236913AA004FA82D /* WorkoutView.swift in Sources */ = {isa = PBXBuildFile; fileRef = 067ED674236913AA004FA82D /* WorkoutView.swift */; };
		067ED677236913EC004FA82D /* AnalyticsView.swift in Sources */ = {isa = PBXBuildFile; fileRef = 067ED676236913EC004FA82D /* AnalyticsView.swift */; };
		067ED679236913FD004FA82D /* ProfileView.swift in Sources */ = {isa = PBXBuildFile; fileRef = 067ED678236913FD004FA82D /* ProfileView.swift */; };
		067ED67C23691E32004FA82D /* HexColor.swift in Sources */ = {isa = PBXBuildFile; fileRef = 067ED67B23691E32004FA82D /* HexColor.swift */; };
		067ED68023692161004FA82D /* NavConfig.swift in Sources */ = {isa = PBXBuildFile; fileRef = 067ED67F23692161004FA82D /* NavConfig.swift */; };
		067ED68423692FF3004FA82D /* HostingController.swift in Sources */ = {isa = PBXBuildFile; fileRef = 067ED68323692FF3004FA82D /* HostingController.swift */; };
		0689318A237362D600111117 /* StatisticView.swift in Sources */ = {isa = PBXBuildFile; fileRef = 06893189237362D600111117 /* StatisticView.swift */; };
		0689318C237363D000111117 /* GraphicView.swift in Sources */ = {isa = PBXBuildFile; fileRef = 0689318B237363D000111117 /* GraphicView.swift */; };
		0689318E2373F6E200111117 /* AnalyticsObserver.swift in Sources */ = {isa = PBXBuildFile; fileRef = 0689318D2373F6E200111117 /* AnalyticsObserver.swift */; };
		068931942373F90100111117 /* Analytics.swift in Sources */ = {isa = PBXBuildFile; fileRef = 068931932373F90100111117 /* Analytics.swift */; };
		06893198237481D500111117 /* CalendarRowView.swift in Sources */ = {isa = PBXBuildFile; fileRef = 06893197237481D500111117 /* CalendarRowView.swift */; };
		0689319A2374829B00111117 /* CalendarColumnView.swift in Sources */ = {isa = PBXBuildFile; fileRef = 068931992374829B00111117 /* CalendarColumnView.swift */; };
		0689319C23749E6D00111117 /* WeekView.swift in Sources */ = {isa = PBXBuildFile; fileRef = 0689319B23749E6D00111117 /* WeekView.swift */; };
		0689319E2374A4F500111117 /* WeekColumnView.swift in Sources */ = {isa = PBXBuildFile; fileRef = 0689319D2374A4F500111117 /* WeekColumnView.swift */; };
		068931A02374BC6E00111117 /* CalendarHeaderView.swift in Sources */ = {isa = PBXBuildFile; fileRef = 0689319F2374BC6E00111117 /* CalendarHeaderView.swift */; };
		068931A22374BF8D00111117 /* CalendarView.swift in Sources */ = {isa = PBXBuildFile; fileRef = 068931A12374BF8D00111117 /* CalendarView.swift */; };
		068931A42374FF4200111117 /* WelcomeView.swift in Sources */ = {isa = PBXBuildFile; fileRef = 068931A32374FF4200111117 /* WelcomeView.swift */; };
		068931A6237501A200111117 /* SignUpView.swift in Sources */ = {isa = PBXBuildFile; fileRef = 068931A5237501A200111117 /* SignUpView.swift */; };
		068931A82375382B00111117 /* EditProfileView.swift in Sources */ = {isa = PBXBuildFile; fileRef = 068931A72375382B00111117 /* EditProfileView.swift */; };
		069124B92370C352004B2140 /* UserObserver.swift in Sources */ = {isa = PBXBuildFile; fileRef = 069124B82370C352004B2140 /* UserObserver.swift */; };
		069124BA2370C352004B2140 /* UserObserver.swift in Sources */ = {isa = PBXBuildFile; fileRef = 069124B82370C352004B2140 /* UserObserver.swift */; };
		069124BF2370C3EF004B2140 /* WorkoutsObserver.swift in Sources */ = {isa = PBXBuildFile; fileRef = 069124BE2370C3EF004B2140 /* WorkoutsObserver.swift */; };
		069124C02370C3EF004B2140 /* WorkoutsObserver.swift in Sources */ = {isa = PBXBuildFile; fileRef = 069124BE2370C3EF004B2140 /* WorkoutsObserver.swift */; };
		069124C22370C598004B2140 /* ExercisesObserver.swift in Sources */ = {isa = PBXBuildFile; fileRef = 069124C12370C598004B2140 /* ExercisesObserver.swift */; };
		069124C32370C598004B2140 /* ExercisesObserver.swift in Sources */ = {isa = PBXBuildFile; fileRef = 069124C12370C598004B2140 /* ExercisesObserver.swift */; };
		069124C52370C5EE004B2140 /* WorkoutObserver.swift in Sources */ = {isa = PBXBuildFile; fileRef = 069124C42370C5EE004B2140 /* WorkoutObserver.swift */; };
		069124C62370C5EE004B2140 /* WorkoutObserver.swift in Sources */ = {isa = PBXBuildFile; fileRef = 069124C42370C5EE004B2140 /* WorkoutObserver.swift */; };
		069124CA23726706004B2140 /* WorkoutListView.swift in Sources */ = {isa = PBXBuildFile; fileRef = 069124C923726706004B2140 /* WorkoutListView.swift */; };
		069124CC237267A6004B2140 /* WorkoutRowView.swift in Sources */ = {isa = PBXBuildFile; fileRef = 069124CB237267A6004B2140 /* WorkoutRowView.swift */; };
		069124CE23729DC3004B2140 /* WorkoutSummaryView.swift in Sources */ = {isa = PBXBuildFile; fileRef = 069124CD23729DC3004B2140 /* WorkoutSummaryView.swift */; };
		069124D12372AEEB004B2140 /* IdentityView.swift in Sources */ = {isa = PBXBuildFile; fileRef = 069124D02372AEEB004B2140 /* IdentityView.swift */; };
		069124D32372B012004B2140 /* AttributesView.swift in Sources */ = {isa = PBXBuildFile; fileRef = 069124D22372B012004B2140 /* AttributesView.swift */; };
		0697A4F5236F5DE9000034B5 /* SetListView.swift in Sources */ = {isa = PBXBuildFile; fileRef = 0697A4F4236F5DE9000034B5 /* SetListView.swift */; };
		0697A4F7236F5EED000034B5 /* SetRowView.swift in Sources */ = {isa = PBXBuildFile; fileRef = 0697A4F6236F5EED000034B5 /* SetRowView.swift */; };
		0697A4F9236F627F000034B5 /* User.swift in Sources */ = {isa = PBXBuildFile; fileRef = 0697A4F8236F627F000034B5 /* User.swift */; };
		0697A4FA236F627F000034B5 /* User.swift in Sources */ = {isa = PBXBuildFile; fileRef = 0697A4F8236F627F000034B5 /* User.swift */; };
		0697A4FC236F631B000034B5 /* Workout.swift in Sources */ = {isa = PBXBuildFile; fileRef = 0697A4FB236F631B000034B5 /* Workout.swift */; };
		0697A4FD236F631B000034B5 /* Workout.swift in Sources */ = {isa = PBXBuildFile; fileRef = 0697A4FB236F631B000034B5 /* Workout.swift */; };
		0697A4FF236F63B1000034B5 /* WorkoutSet.swift in Sources */ = {isa = PBXBuildFile; fileRef = 0697A4FE236F63B1000034B5 /* WorkoutSet.swift */; };
		0697A500236F63B1000034B5 /* WorkoutSet.swift in Sources */ = {isa = PBXBuildFile; fileRef = 0697A4FE236F63B1000034B5 /* WorkoutSet.swift */; };
		0697A502236F6418000034B5 /* Exercise.swift in Sources */ = {isa = PBXBuildFile; fileRef = 0697A501236F6418000034B5 /* Exercise.swift */; };
		0697A503236F6418000034B5 /* Exercise.swift in Sources */ = {isa = PBXBuildFile; fileRef = 0697A501236F6418000034B5 /* Exercise.swift */; };
		0697A505236F6499000034B5 /* Muscle.swift in Sources */ = {isa = PBXBuildFile; fileRef = 0697A504236F6499000034B5 /* Muscle.swift */; };
		0697A506236F6499000034B5 /* Muscle.swift in Sources */ = {isa = PBXBuildFile; fileRef = 0697A504236F6499000034B5 /* Muscle.swift */; };
		0697A50C236F6B92000034B5 /* SetDetailView.swift in Sources */ = {isa = PBXBuildFile; fileRef = 0697A50B236F6B92000034B5 /* SetDetailView.swift */; };
		06A7960B237F870000730627 /* ExerciseListView.swift in Sources */ = {isa = PBXBuildFile; fileRef = 06A7960A237F870000730627 /* ExerciseListView.swift */; };
		06C295C4236A937300B189E4 /* TodayView.swift in Sources */ = {isa = PBXBuildFile; fileRef = 06C295C3236A937300B189E4 /* TodayView.swift */; };
		06CDCB5B238D11D1007801CB /* ActivityIndicator.swift in Sources */ = {isa = PBXBuildFile; fileRef = 06CDCB5A238D11D1007801CB /* ActivityIndicator.swift */; };
/* End PBXBuildFile section */

/* Begin PBXContainerItemProxy section */
		067ED66323690EA2004FA82D /* PBXContainerItemProxy */ = {
			isa = PBXContainerItemProxy;
			containerPortal = 067ED64123690E9F004FA82D /* Project object */;
			proxyType = 1;
			remoteGlobalIDString = 067ED64823690E9F004FA82D;
			remoteInfo = Fitnetic;
		};
/* End PBXContainerItemProxy section */

/* Begin PBXCopyFilesBuildPhase section */
		0603A27F237DE1E90076E420 /* Embed Frameworks */ = {
			isa = PBXCopyFilesBuildPhase;
			buildActionMask = 2147483647;
			dstPath = "";
			dstSubfolderSpec = 10;
			files = (
				0603A28A237E2C9B0076E420 /* SVGKit.framework in Embed Frameworks */,
				0603A283237DE2670076E420 /* CocoaLumberjack.framework in Embed Frameworks */,
			);
			name = "Embed Frameworks";
			runOnlyForDeploymentPostprocessing = 0;
		};
/* End PBXCopyFilesBuildPhase section */

/* Begin PBXFileReference section */
		0603A272237CF80D0076E420 /* TodayDetailView.swift */ = {isa = PBXFileReference; lastKnownFileType = sourcecode.swift; path = TodayDetailView.swift; sourceTree = "<group>"; };
		0603A278237D251C0076E420 /* SirinStencil-Regular.ttf */ = {isa = PBXFileReference; lastKnownFileType = file; path = "SirinStencil-Regular.ttf"; sourceTree = "<group>"; };
		0603A280237DE25A0076E420 /* CocoaLumberjack.framework */ = {isa = PBXFileReference; lastKnownFileType = wrapper.framework; path = CocoaLumberjack.framework; sourceTree = "<group>"; };
		0603A284237DF1C10076E420 /* Fitnetic-Bridging-Header.h */ = {isa = PBXFileReference; lastKnownFileType = sourcecode.c.h; path = "Fitnetic-Bridging-Header.h"; sourceTree = "<group>"; };
		0603A285237DF1C20076E420 /* Bridge.m */ = {isa = PBXFileReference; lastKnownFileType = sourcecode.c.objc; path = Bridge.m; sourceTree = "<group>"; };
		0603A287237E2C6C0076E420 /* SVGKit.framework */ = {isa = PBXFileReference; lastKnownFileType = wrapper.framework; path = SVGKit.framework; sourceTree = "<group>"; };
		0603A37A2384FE4F0021D79C /* JointViewController.swift */ = {isa = PBXFileReference; lastKnownFileType = sourcecode.swift; path = JointViewController.swift; sourceTree = "<group>"; };
		0603A37C2384FE6C0021D79C /* DrawingJointView.swift */ = {isa = PBXFileReference; lastKnownFileType = sourcecode.swift; path = DrawingJointView.swift; sourceTree = "<group>"; };
		0603A37F2384FE900021D79C /* model_cpm.mlmodel */ = {isa = PBXFileReference; lastKnownFileType = file.mlmodel; path = model_cpm.mlmodel; sourceTree = "<group>"; };
		0603A3822384FEA60021D79C /* MovingAverageFilter.swift */ = {isa = PBXFileReference; fileEncoding = 4; lastKnownFileType = sourcecode.swift; path = MovingAverageFilter.swift; sourceTree = "<group>"; };
		0603A3832384FEA60021D79C /* HeatmapPostProcessor.swift */ = {isa = PBXFileReference; fileEncoding = 4; lastKnownFileType = sourcecode.swift; path = HeatmapPostProcessor.swift; sourceTree = "<group>"; };
		0603A3842384FEA70021D79C /* UIImage+CVPixelBuffer.swift */ = {isa = PBXFileReference; fileEncoding = 4; lastKnownFileType = sourcecode.swift; path = "UIImage+CVPixelBuffer.swift"; sourceTree = "<group>"; };
		0603A3852384FEA70021D79C /* PredictedPoint.swift */ = {isa = PBXFileReference; fileEncoding = 4; lastKnownFileType = sourcecode.swift; path = PredictedPoint.swift; sourceTree = "<group>"; };
		0603A38A2384FEB20021D79C /* VideoCapture.swift */ = {isa = PBXFileReference; fileEncoding = 4; lastKnownFileType = sourcecode.swift; path = VideoCapture.swift; sourceTree = "<group>"; };
		0603A38B2384FEB30021D79C /* Measure.swift */ = {isa = PBXFileReference; fileEncoding = 4; lastKnownFileType = sourcecode.swift; path = Measure.swift; sourceTree = "<group>"; };
		067ED64923690E9F004FA82D /* Fitnetic.app */ = {isa = PBXFileReference; explicitFileType = wrapper.application; includeInIndex = 0; path = Fitnetic.app; sourceTree = BUILT_PRODUCTS_DIR; };
		067ED64C23690E9F004FA82D /* AppDelegate.swift */ = {isa = PBXFileReference; lastKnownFileType = sourcecode.swift; path = AppDelegate.swift; sourceTree = "<group>"; };
		067ED64E23690E9F004FA82D /* SceneDelegate.swift */ = {isa = PBXFileReference; lastKnownFileType = sourcecode.swift; path = SceneDelegate.swift; sourceTree = "<group>"; };
		067ED65123690E9F004FA82D /* Fitnetic.xcdatamodel */ = {isa = PBXFileReference; lastKnownFileType = wrapper.xcdatamodel; path = Fitnetic.xcdatamodel; sourceTree = "<group>"; };
		067ED65323690E9F004FA82D /* ContentView.swift */ = {isa = PBXFileReference; lastKnownFileType = sourcecode.swift; path = ContentView.swift; sourceTree = "<group>"; };
		067ED65523690EA1004FA82D /* Assets.xcassets */ = {isa = PBXFileReference; lastKnownFileType = folder.assetcatalog; path = Assets.xcassets; sourceTree = "<group>"; };
		067ED65823690EA1004FA82D /* Preview Assets.xcassets */ = {isa = PBXFileReference; lastKnownFileType = folder.assetcatalog; path = "Preview Assets.xcassets"; sourceTree = "<group>"; };
		067ED65B23690EA1004FA82D /* Base */ = {isa = PBXFileReference; lastKnownFileType = file.storyboard; name = Base; path = Base.lproj/LaunchScreen.storyboard; sourceTree = "<group>"; };
		067ED65D23690EA2004FA82D /* Info.plist */ = {isa = PBXFileReference; lastKnownFileType = text.plist.xml; path = Info.plist; sourceTree = "<group>"; };
		067ED66223690EA2004FA82D /* FitneticTests.xctest */ = {isa = PBXFileReference; explicitFileType = wrapper.cfbundle; includeInIndex = 0; path = FitneticTests.xctest; sourceTree = BUILT_PRODUCTS_DIR; };
		067ED66623690EA2004FA82D /* FitneticTests.swift */ = {isa = PBXFileReference; lastKnownFileType = sourcecode.swift; path = FitneticTests.swift; sourceTree = "<group>"; };
		067ED66823690EA2004FA82D /* Info.plist */ = {isa = PBXFileReference; lastKnownFileType = text.plist.xml; path = Info.plist; sourceTree = "<group>"; };
		067ED674236913AA004FA82D /* WorkoutView.swift */ = {isa = PBXFileReference; lastKnownFileType = sourcecode.swift; path = WorkoutView.swift; sourceTree = "<group>"; };
		067ED676236913EC004FA82D /* AnalyticsView.swift */ = {isa = PBXFileReference; lastKnownFileType = sourcecode.swift; path = AnalyticsView.swift; sourceTree = "<group>"; };
		067ED678236913FD004FA82D /* ProfileView.swift */ = {isa = PBXFileReference; lastKnownFileType = sourcecode.swift; path = ProfileView.swift; sourceTree = "<group>"; };
		067ED67B23691E32004FA82D /* HexColor.swift */ = {isa = PBXFileReference; lastKnownFileType = sourcecode.swift; path = HexColor.swift; sourceTree = "<group>"; };
		067ED67F23692161004FA82D /* NavConfig.swift */ = {isa = PBXFileReference; lastKnownFileType = sourcecode.swift; path = NavConfig.swift; sourceTree = "<group>"; };
		067ED68323692FF3004FA82D /* HostingController.swift */ = {isa = PBXFileReference; lastKnownFileType = sourcecode.swift; path = HostingController.swift; sourceTree = "<group>"; };
		06893189237362D600111117 /* StatisticView.swift */ = {isa = PBXFileReference; lastKnownFileType = sourcecode.swift; path = StatisticView.swift; sourceTree = "<group>"; };
		0689318B237363D000111117 /* GraphicView.swift */ = {isa = PBXFileReference; lastKnownFileType = sourcecode.swift; path = GraphicView.swift; sourceTree = "<group>"; };
		0689318D2373F6E200111117 /* AnalyticsObserver.swift */ = {isa = PBXFileReference; lastKnownFileType = sourcecode.swift; path = AnalyticsObserver.swift; sourceTree = "<group>"; };
		068931932373F90100111117 /* Analytics.swift */ = {isa = PBXFileReference; lastKnownFileType = sourcecode.swift; path = Analytics.swift; sourceTree = "<group>"; };
		06893197237481D500111117 /* CalendarRowView.swift */ = {isa = PBXFileReference; lastKnownFileType = sourcecode.swift; path = CalendarRowView.swift; sourceTree = "<group>"; };
		068931992374829B00111117 /* CalendarColumnView.swift */ = {isa = PBXFileReference; lastKnownFileType = sourcecode.swift; path = CalendarColumnView.swift; sourceTree = "<group>"; };
		0689319B23749E6D00111117 /* WeekView.swift */ = {isa = PBXFileReference; lastKnownFileType = sourcecode.swift; path = WeekView.swift; sourceTree = "<group>"; };
		0689319D2374A4F500111117 /* WeekColumnView.swift */ = {isa = PBXFileReference; lastKnownFileType = sourcecode.swift; path = WeekColumnView.swift; sourceTree = "<group>"; };
		0689319F2374BC6E00111117 /* CalendarHeaderView.swift */ = {isa = PBXFileReference; lastKnownFileType = sourcecode.swift; path = CalendarHeaderView.swift; sourceTree = "<group>"; };
		068931A12374BF8D00111117 /* CalendarView.swift */ = {isa = PBXFileReference; lastKnownFileType = sourcecode.swift; path = CalendarView.swift; sourceTree = "<group>"; };
		068931A32374FF4200111117 /* WelcomeView.swift */ = {isa = PBXFileReference; lastKnownFileType = sourcecode.swift; path = WelcomeView.swift; sourceTree = "<group>"; };
		068931A5237501A200111117 /* SignUpView.swift */ = {isa = PBXFileReference; lastKnownFileType = sourcecode.swift; path = SignUpView.swift; sourceTree = "<group>"; };
		068931A72375382B00111117 /* EditProfileView.swift */ = {isa = PBXFileReference; lastKnownFileType = sourcecode.swift; path = EditProfileView.swift; sourceTree = "<group>"; };
		069124B82370C352004B2140 /* UserObserver.swift */ = {isa = PBXFileReference; lastKnownFileType = sourcecode.swift; path = UserObserver.swift; sourceTree = "<group>"; };
		069124BE2370C3EF004B2140 /* WorkoutsObserver.swift */ = {isa = PBXFileReference; lastKnownFileType = sourcecode.swift; path = WorkoutsObserver.swift; sourceTree = "<group>"; };
		069124C12370C598004B2140 /* ExercisesObserver.swift */ = {isa = PBXFileReference; lastKnownFileType = sourcecode.swift; path = ExercisesObserver.swift; sourceTree = "<group>"; };
		069124C42370C5EE004B2140 /* WorkoutObserver.swift */ = {isa = PBXFileReference; lastKnownFileType = sourcecode.swift; path = WorkoutObserver.swift; sourceTree = "<group>"; };
		069124C923726706004B2140 /* WorkoutListView.swift */ = {isa = PBXFileReference; lastKnownFileType = sourcecode.swift; path = WorkoutListView.swift; sourceTree = "<group>"; };
		069124CB237267A6004B2140 /* WorkoutRowView.swift */ = {isa = PBXFileReference; lastKnownFileType = sourcecode.swift; path = WorkoutRowView.swift; sourceTree = "<group>"; };
		069124CD23729DC3004B2140 /* WorkoutSummaryView.swift */ = {isa = PBXFileReference; lastKnownFileType = sourcecode.swift; path = WorkoutSummaryView.swift; sourceTree = "<group>"; };
		069124D02372AEEB004B2140 /* IdentityView.swift */ = {isa = PBXFileReference; lastKnownFileType = sourcecode.swift; path = IdentityView.swift; sourceTree = "<group>"; };
		069124D22372B012004B2140 /* AttributesView.swift */ = {isa = PBXFileReference; lastKnownFileType = sourcecode.swift; path = AttributesView.swift; sourceTree = "<group>"; };
		0697A4F4236F5DE9000034B5 /* SetListView.swift */ = {isa = PBXFileReference; lastKnownFileType = sourcecode.swift; path = SetListView.swift; sourceTree = "<group>"; };
		0697A4F6236F5EED000034B5 /* SetRowView.swift */ = {isa = PBXFileReference; lastKnownFileType = sourcecode.swift; path = SetRowView.swift; sourceTree = "<group>"; };
		0697A4F8236F627F000034B5 /* User.swift */ = {isa = PBXFileReference; lastKnownFileType = sourcecode.swift; path = User.swift; sourceTree = "<group>"; };
		0697A4FB236F631B000034B5 /* Workout.swift */ = {isa = PBXFileReference; lastKnownFileType = sourcecode.swift; path = Workout.swift; sourceTree = "<group>"; };
		0697A4FE236F63B1000034B5 /* WorkoutSet.swift */ = {isa = PBXFileReference; lastKnownFileType = sourcecode.swift; path = WorkoutSet.swift; sourceTree = "<group>"; };
		0697A501236F6418000034B5 /* Exercise.swift */ = {isa = PBXFileReference; lastKnownFileType = sourcecode.swift; path = Exercise.swift; sourceTree = "<group>"; };
		0697A504236F6499000034B5 /* Muscle.swift */ = {isa = PBXFileReference; lastKnownFileType = sourcecode.swift; path = Muscle.swift; sourceTree = "<group>"; };
		0697A50B236F6B92000034B5 /* SetDetailView.swift */ = {isa = PBXFileReference; lastKnownFileType = sourcecode.swift; path = SetDetailView.swift; sourceTree = "<group>"; };
		06A7960A237F870000730627 /* ExerciseListView.swift */ = {isa = PBXFileReference; lastKnownFileType = sourcecode.swift; path = ExerciseListView.swift; sourceTree = "<group>"; };
		06C295C3236A937300B189E4 /* TodayView.swift */ = {isa = PBXFileReference; lastKnownFileType = sourcecode.swift; path = TodayView.swift; sourceTree = "<group>"; };
		06CDCB5A238D11D1007801CB /* ActivityIndicator.swift */ = {isa = PBXFileReference; lastKnownFileType = sourcecode.swift; path = ActivityIndicator.swift; sourceTree = "<group>"; };
/* End PBXFileReference section */

/* Begin PBXFrameworksBuildPhase section */
		067ED64623690E9F004FA82D /* Frameworks */ = {
			isa = PBXFrameworksBuildPhase;
			buildActionMask = 2147483647;
			files = (
				0603A289237E2C9B0076E420 /* SVGKit.framework in Frameworks */,
				0603A282237DE2670076E420 /* CocoaLumberjack.framework in Frameworks */,
			);
			runOnlyForDeploymentPostprocessing = 0;
		};
		067ED65F23690EA2004FA82D /* Frameworks */ = {
			isa = PBXFrameworksBuildPhase;
			buildActionMask = 2147483647;
			files = (
			);
			runOnlyForDeploymentPostprocessing = 0;
		};
/* End PBXFrameworksBuildPhase section */

/* Begin PBXGroup section */
		0603A274237D233A0076E420 /* Fonts */ = {
			isa = PBXGroup;
			children = (
				0603A278237D251C0076E420 /* SirinStencil-Regular.ttf */,
			);
			path = Fonts;
			sourceTree = "<group>";
		};
		0603A3792384FDE30021D79C /* Camera */ = {
			isa = PBXGroup;
			children = (
				0603A37A2384FE4F0021D79C /* JointViewController.swift */,
				0603A37C2384FE6C0021D79C /* DrawingJointView.swift */,
				0603A37F2384FE900021D79C /* model_cpm.mlmodel */,
				0603A3832384FEA60021D79C /* HeatmapPostProcessor.swift */,
				0603A3822384FEA60021D79C /* MovingAverageFilter.swift */,
				0603A3852384FEA70021D79C /* PredictedPoint.swift */,
				0603A3842384FEA70021D79C /* UIImage+CVPixelBuffer.swift */,
				0603A38B2384FEB30021D79C /* Measure.swift */,
				0603A38A2384FEB20021D79C /* VideoCapture.swift */,
			);
			path = Camera;
			sourceTree = "<group>";
		};
		067ED64023690E9F004FA82D = {
			isa = PBXGroup;
			children = (
				067ED64B23690E9F004FA82D /* Fitnetic */,
				067ED66523690EA2004FA82D /* FitneticTests */,
				067ED64A23690E9F004FA82D /* Products */,
			);
			sourceTree = "<group>";
		};
		067ED64A23690E9F004FA82D /* Products */ = {
			isa = PBXGroup;
			children = (
				067ED64923690E9F004FA82D /* Fitnetic.app */,
				067ED66223690EA2004FA82D /* FitneticTests.xctest */,
			);
			name = Products;
			sourceTree = "<group>";
		};
		067ED64B23690E9F004FA82D /* Fitnetic */ = {
			isa = PBXGroup;
			children = (
				0603A274237D233A0076E420 /* Fonts */,
				067ED6732369127F004FA82D /* Delegates */,
				067ED67223691279004FA82D /* Models */,
				069124B72370C325004B2140 /* Observers */,
				067ED67123691248004FA82D /* Views */,
				067ED67A23691E0E004FA82D /* Helpers */,
				067ED65523690EA1004FA82D /* Assets.xcassets */,
				067ED65A23690EA1004FA82D /* LaunchScreen.storyboard */,
				067ED65D23690EA2004FA82D /* Info.plist */,
				067ED65023690E9F004FA82D /* Fitnetic.xcdatamodeld */,
				067ED65723690EA1004FA82D /* Preview Content */,
			);
			path = Fitnetic;
			sourceTree = "<group>";
		};
		067ED65723690EA1004FA82D /* Preview Content */ = {
			isa = PBXGroup;
			children = (
				067ED65823690EA1004FA82D /* Preview Assets.xcassets */,
			);
			path = "Preview Content";
			sourceTree = "<group>";
		};
		067ED66523690EA2004FA82D /* FitneticTests */ = {
			isa = PBXGroup;
			children = (
				067ED66623690EA2004FA82D /* FitneticTests.swift */,
				067ED66823690EA2004FA82D /* Info.plist */,
			);
			path = FitneticTests;
			sourceTree = "<group>";
		};
		067ED67123691248004FA82D /* Views */ = {
			isa = PBXGroup;
			children = (
				0697A508236F6A49000034B5 /* WorkoutViews */,
				069124D42372B376004B2140 /* AnalyticsViews */,
				069124CF2372AECB004B2140 /* ProfileViews */,
				067ED65323690E9F004FA82D /* ContentView.swift */,
				067ED674236913AA004FA82D /* WorkoutView.swift */,
				067ED676236913EC004FA82D /* AnalyticsView.swift */,
				067ED678236913FD004FA82D /* ProfileView.swift */,
				068931A32374FF4200111117 /* WelcomeView.swift */,
				068931A5237501A200111117 /* SignUpView.swift */,
			);
			path = Views;
			sourceTree = "<group>";
		};
		067ED67223691279004FA82D /* Models */ = {
			isa = PBXGroup;
			children = (
				0697A4F8236F627F000034B5 /* User.swift */,
				0697A4FB236F631B000034B5 /* Workout.swift */,
				0697A4FE236F63B1000034B5 /* WorkoutSet.swift */,
				0697A501236F6418000034B5 /* Exercise.swift */,
				0697A504236F6499000034B5 /* Muscle.swift */,
				068931932373F90100111117 /* Analytics.swift */,
			);
			path = Models;
			sourceTree = "<group>";
		};
		067ED6732369127F004FA82D /* Delegates */ = {
			isa = PBXGroup;
			children = (
				067ED64C23690E9F004FA82D /* AppDelegate.swift */,
				067ED64E23690E9F004FA82D /* SceneDelegate.swift */,
			);
			path = Delegates;
			sourceTree = "<group>";
		};
		067ED67A23691E0E004FA82D /* Helpers */ = {
			isa = PBXGroup;
			children = (
				0603A3792384FDE30021D79C /* Camera */,
				0603A287237E2C6C0076E420 /* SVGKit.framework */,
				0603A280237DE25A0076E420 /* CocoaLumberjack.framework */,
				067ED67B23691E32004FA82D /* HexColor.swift */,
				067ED67F23692161004FA82D /* NavConfig.swift */,
				067ED68323692FF3004FA82D /* HostingController.swift */,
				0603A285237DF1C20076E420 /* Bridge.m */,
				0603A284237DF1C10076E420 /* Fitnetic-Bridging-Header.h */,
				06CDCB5A238D11D1007801CB /* ActivityIndicator.swift */,
			);
			path = Helpers;
			sourceTree = "<group>";
		};
		069124B72370C325004B2140 /* Observers */ = {
			isa = PBXGroup;
			children = (
				069124B82370C352004B2140 /* UserObserver.swift */,
				069124BE2370C3EF004B2140 /* WorkoutsObserver.swift */,
				069124C12370C598004B2140 /* ExercisesObserver.swift */,
				069124C42370C5EE004B2140 /* WorkoutObserver.swift */,
				0689318D2373F6E200111117 /* AnalyticsObserver.swift */,
			);
			path = Observers;
			sourceTree = "<group>";
		};
		069124CF2372AECB004B2140 /* ProfileViews */ = {
			isa = PBXGroup;
			children = (
				069124D02372AEEB004B2140 /* IdentityView.swift */,
				069124D22372B012004B2140 /* AttributesView.swift */,
				068931A72375382B00111117 /* EditProfileView.swift */,
			);
			path = ProfileViews;
			sourceTree = "<group>";
		};
		069124D42372B376004B2140 /* AnalyticsViews */ = {
			isa = PBXGroup;
			children = (
				06893189237362D600111117 /* StatisticView.swift */,
				0689318B237363D000111117 /* GraphicView.swift */,
				06893197237481D500111117 /* CalendarRowView.swift */,
				068931992374829B00111117 /* CalendarColumnView.swift */,
				0689319F2374BC6E00111117 /* CalendarHeaderView.swift */,
				068931A12374BF8D00111117 /* CalendarView.swift */,
			);
			path = AnalyticsViews;
			sourceTree = "<group>";
		};
		0697A508236F6A49000034B5 /* WorkoutViews */ = {
			isa = PBXGroup;
			children = (
				06C295C3236A937300B189E4 /* TodayView.swift */,
				0603A272237CF80D0076E420 /* TodayDetailView.swift */,
				0697A4F4236F5DE9000034B5 /* SetListView.swift */,
				0697A4F6236F5EED000034B5 /* SetRowView.swift */,
				0697A50B236F6B92000034B5 /* SetDetailView.swift */,
				069124C923726706004B2140 /* WorkoutListView.swift */,
				069124CB237267A6004B2140 /* WorkoutRowView.swift */,
				069124CD23729DC3004B2140 /* WorkoutSummaryView.swift */,
				0689319B23749E6D00111117 /* WeekView.swift */,
				0689319D2374A4F500111117 /* WeekColumnView.swift */,
				06A7960A237F870000730627 /* ExerciseListView.swift */,
			);
			path = WorkoutViews;
			sourceTree = "<group>";
		};
/* End PBXGroup section */

/* Begin PBXNativeTarget section */
		067ED64823690E9F004FA82D /* Fitnetic */ = {
			isa = PBXNativeTarget;
			buildConfigurationList = 067ED66B23690EA2004FA82D /* Build configuration list for PBXNativeTarget "Fitnetic" */;
			buildPhases = (
				067ED64523690E9F004FA82D /* Sources */,
				067ED64623690E9F004FA82D /* Frameworks */,
				067ED64723690E9F004FA82D /* Resources */,
				0603A27F237DE1E90076E420 /* Embed Frameworks */,
			);
			buildRules = (
			);
			dependencies = (
			);
			name = Fitnetic;
			productName = Fitnetic;
			productReference = 067ED64923690E9F004FA82D /* Fitnetic.app */;
			productType = "com.apple.product-type.application";
		};
		067ED66123690EA2004FA82D /* FitneticTests */ = {
			isa = PBXNativeTarget;
			buildConfigurationList = 067ED66E23690EA2004FA82D /* Build configuration list for PBXNativeTarget "FitneticTests" */;
			buildPhases = (
				067ED65E23690EA2004FA82D /* Sources */,
				067ED65F23690EA2004FA82D /* Frameworks */,
				067ED66023690EA2004FA82D /* Resources */,
			);
			buildRules = (
			);
			dependencies = (
				067ED66423690EA2004FA82D /* PBXTargetDependency */,
			);
			name = FitneticTests;
			productName = FitneticTests;
			productReference = 067ED66223690EA2004FA82D /* FitneticTests.xctest */;
			productType = "com.apple.product-type.bundle.unit-test";
		};
/* End PBXNativeTarget section */

/* Begin PBXProject section */
		067ED64123690E9F004FA82D /* Project object */ = {
			isa = PBXProject;
			attributes = {
				LastSwiftUpdateCheck = 1110;
				LastUpgradeCheck = 1110;
				ORGANIZATIONNAME = "67-442";
				TargetAttributes = {
					067ED64823690E9F004FA82D = {
						CreatedOnToolsVersion = 11.1;
						LastSwiftMigration = 1120;
					};
					067ED66123690EA2004FA82D = {
						CreatedOnToolsVersion = 11.1;
						TestTargetID = 067ED64823690E9F004FA82D;
					};
				};
			};
			buildConfigurationList = 067ED64423690E9F004FA82D /* Build configuration list for PBXProject "Fitnetic" */;
			compatibilityVersion = "Xcode 9.3";
			developmentRegion = en;
			hasScannedForEncodings = 0;
			knownRegions = (
				en,
				Base,
			);
			mainGroup = 067ED64023690E9F004FA82D;
			productRefGroup = 067ED64A23690E9F004FA82D /* Products */;
			projectDirPath = "";
			projectRoot = "";
			targets = (
				067ED64823690E9F004FA82D /* Fitnetic */,
				067ED66123690EA2004FA82D /* FitneticTests */,
			);
		};
/* End PBXProject section */

/* Begin PBXResourcesBuildPhase section */
		067ED64723690E9F004FA82D /* Resources */ = {
			isa = PBXResourcesBuildPhase;
			buildActionMask = 2147483647;
			files = (
				067ED65C23690EA1004FA82D /* LaunchScreen.storyboard in Resources */,
				067ED65923690EA1004FA82D /* Preview Assets.xcassets in Resources */,
				0603A279237D251C0076E420 /* SirinStencil-Regular.ttf in Resources */,
				067ED65623690EA1004FA82D /* Assets.xcassets in Resources */,
			);
			runOnlyForDeploymentPostprocessing = 0;
		};
		067ED66023690EA2004FA82D /* Resources */ = {
			isa = PBXResourcesBuildPhase;
			buildActionMask = 2147483647;
			files = (
			);
			runOnlyForDeploymentPostprocessing = 0;
		};
/* End PBXResourcesBuildPhase section */

/* Begin PBXSourcesBuildPhase section */
		067ED64523690E9F004FA82D /* Sources */ = {
			isa = PBXSourcesBuildPhase;
			buildActionMask = 2147483647;
			files = (
				0603A27A237D25270076E420 /* SirinStencil-Regular.ttf in Sources */,
				0603A37B2384FE4F0021D79C /* JointViewController.swift in Sources */,
				0697A50C236F6B92000034B5 /* SetDetailView.swift in Sources */,
				0689318A237362D600111117 /* StatisticView.swift in Sources */,
				0689318E2373F6E200111117 /* AnalyticsObserver.swift in Sources */,
				0603A286237DF1C20076E420 /* Bridge.m in Sources */,
				067ED64D23690E9F004FA82D /* AppDelegate.swift in Sources */,
				0603A3892384FEA70021D79C /* PredictedPoint.swift in Sources */,
				069124CE23729DC3004B2140 /* WorkoutSummaryView.swift in Sources */,
				067ED65223690E9F004FA82D /* Fitnetic.xcdatamodeld in Sources */,
				069124C22370C598004B2140 /* ExercisesObserver.swift in Sources */,
				067ED65423690E9F004FA82D /* ContentView.swift in Sources */,
				0603A3882384FEA70021D79C /* UIImage+CVPixelBuffer.swift in Sources */,
				068931942373F90100111117 /* Analytics.swift in Sources */,
				069124C52370C5EE004B2140 /* WorkoutObserver.swift in Sources */,
				068931A6237501A200111117 /* SignUpView.swift in Sources */,
				06CDCB5B238D11D1007801CB /* ActivityIndicator.swift in Sources */,
				0603A38C2384FEB30021D79C /* VideoCapture.swift in Sources */,
				06A7960B237F870000730627 /* ExerciseListView.swift in Sources */,
				068931A22374BF8D00111117 /* CalendarView.swift in Sources */,
				0697A4FC236F631B000034B5 /* Workout.swift in Sources */,
				0697A4F5236F5DE9000034B5 /* SetListView.swift in Sources */,
				0697A505236F6499000034B5 /* Muscle.swift in Sources */,
				0689319C23749E6D00111117 /* WeekView.swift in Sources */,
				067ED677236913EC004FA82D /* AnalyticsView.swift in Sources */,
				067ED64F23690E9F004FA82D /* SceneDelegate.swift in Sources */,
				0603A273237CF80D0076E420 /* TodayDetailView.swift in Sources */,
				0603A3862384FEA70021D79C /* MovingAverageFilter.swift in Sources */,
				06893198237481D500111117 /* CalendarRowView.swift in Sources */,
				067ED68023692161004FA82D /* NavConfig.swift in Sources */,
				0603A3812384FE900021D79C /* model_cpm.mlmodel in Sources */,
				0697A4FF236F63B1000034B5 /* WorkoutSet.swift in Sources */,
				069124CC237267A6004B2140 /* WorkoutRowView.swift in Sources */,
				068931A82375382B00111117 /* EditProfileView.swift in Sources */,
				0689318C237363D000111117 /* GraphicView.swift in Sources */,
				06C295C4236A937300B189E4 /* TodayView.swift in Sources */,
				068931A02374BC6E00111117 /* CalendarHeaderView.swift in Sources */,
				069124D32372B012004B2140 /* AttributesView.swift in Sources */,
				0697A4F9236F627F000034B5 /* User.swift in Sources */,
				067ED68423692FF3004FA82D /* HostingController.swift in Sources */,
				067ED67C23691E32004FA82D /* HexColor.swift in Sources */,
				067ED679236913FD004FA82D /* ProfileView.swift in Sources */,
				0603A38D2384FEB30021D79C /* Measure.swift in Sources */,
				0689319E2374A4F500111117 /* WeekColumnView.swift in Sources */,
				068931A42374FF4200111117 /* WelcomeView.swift in Sources */,
				069124BF2370C3EF004B2140 /* WorkoutsObserver.swift in Sources */,
				0697A4F7236F5EED000034B5 /* SetRowView.swift in Sources */,
				0603A3872384FEA70021D79C /* HeatmapPostProcessor.swift in Sources */,
				069124D12372AEEB004B2140 /* IdentityView.swift in Sources */,
				067ED675236913AA004FA82D /* WorkoutView.swift in Sources */,
				069124CA23726706004B2140 /* WorkoutListView.swift in Sources */,
				0603A37D2384FE6C0021D79C /* DrawingJointView.swift in Sources */,
				069124B92370C352004B2140 /* UserObserver.swift in Sources */,
				0689319A2374829B00111117 /* CalendarColumnView.swift in Sources */,
				0697A502236F6418000034B5 /* Exercise.swift in Sources */,
			);
			runOnlyForDeploymentPostprocessing = 0;
		};
		067ED65E23690EA2004FA82D /* Sources */ = {
			isa = PBXSourcesBuildPhase;
			buildActionMask = 2147483647;
			files = (
				0697A506236F6499000034B5 /* Muscle.swift in Sources */,
				0697A503236F6418000034B5 /* Exercise.swift in Sources */,
				0697A500236F63B1000034B5 /* WorkoutSet.swift in Sources */,
				069124C32370C598004B2140 /* ExercisesObserver.swift in Sources */,
				0697A4FA236F627F000034B5 /* User.swift in Sources */,
				069124C02370C3EF004B2140 /* WorkoutsObserver.swift in Sources */,
				067ED66723690EA2004FA82D /* FitneticTests.swift in Sources */,
				069124C62370C5EE004B2140 /* WorkoutObserver.swift in Sources */,
				069124BA2370C352004B2140 /* UserObserver.swift in Sources */,
				0697A4FD236F631B000034B5 /* Workout.swift in Sources */,
			);
			runOnlyForDeploymentPostprocessing = 0;
		};
/* End PBXSourcesBuildPhase section */

/* Begin PBXTargetDependency section */
		067ED66423690EA2004FA82D /* PBXTargetDependency */ = {
			isa = PBXTargetDependency;
			target = 067ED64823690E9F004FA82D /* Fitnetic */;
			targetProxy = 067ED66323690EA2004FA82D /* PBXContainerItemProxy */;
		};
/* End PBXTargetDependency section */

/* Begin PBXVariantGroup section */
		067ED65A23690EA1004FA82D /* LaunchScreen.storyboard */ = {
			isa = PBXVariantGroup;
			children = (
				067ED65B23690EA1004FA82D /* Base */,
			);
			name = LaunchScreen.storyboard;
			sourceTree = "<group>";
		};
/* End PBXVariantGroup section */

/* Begin XCBuildConfiguration section */
		067ED66923690EA2004FA82D /* Debug */ = {
			isa = XCBuildConfiguration;
			buildSettings = {
				ALWAYS_SEARCH_USER_PATHS = NO;
				CLANG_ANALYZER_NONNULL = YES;
				CLANG_ANALYZER_NUMBER_OBJECT_CONVERSION = YES_AGGRESSIVE;
				CLANG_CXX_LANGUAGE_STANDARD = "gnu++14";
				CLANG_CXX_LIBRARY = "libc++";
				CLANG_ENABLE_MODULES = YES;
				CLANG_ENABLE_OBJC_ARC = YES;
				CLANG_ENABLE_OBJC_WEAK = YES;
				CLANG_WARN_BLOCK_CAPTURE_AUTORELEASING = YES;
				CLANG_WARN_BOOL_CONVERSION = YES;
				CLANG_WARN_COMMA = YES;
				CLANG_WARN_CONSTANT_CONVERSION = YES;
				CLANG_WARN_DEPRECATED_OBJC_IMPLEMENTATIONS = YES;
				CLANG_WARN_DIRECT_OBJC_ISA_USAGE = YES_ERROR;
				CLANG_WARN_DOCUMENTATION_COMMENTS = YES;
				CLANG_WARN_EMPTY_BODY = YES;
				CLANG_WARN_ENUM_CONVERSION = YES;
				CLANG_WARN_INFINITE_RECURSION = YES;
				CLANG_WARN_INT_CONVERSION = YES;
				CLANG_WARN_NON_LITERAL_NULL_CONVERSION = YES;
				CLANG_WARN_OBJC_IMPLICIT_RETAIN_SELF = YES;
				CLANG_WARN_OBJC_LITERAL_CONVERSION = YES;
				CLANG_WARN_OBJC_ROOT_CLASS = YES_ERROR;
				CLANG_WARN_RANGE_LOOP_ANALYSIS = YES;
				CLANG_WARN_STRICT_PROTOTYPES = YES;
				CLANG_WARN_SUSPICIOUS_MOVE = YES;
				CLANG_WARN_UNGUARDED_AVAILABILITY = YES_AGGRESSIVE;
				CLANG_WARN_UNREACHABLE_CODE = YES;
				CLANG_WARN__DUPLICATE_METHOD_MATCH = YES;
				COPY_PHASE_STRIP = NO;
				DEBUG_INFORMATION_FORMAT = dwarf;
				ENABLE_STRICT_OBJC_MSGSEND = YES;
				ENABLE_TESTABILITY = YES;
				GCC_C_LANGUAGE_STANDARD = gnu11;
				GCC_DYNAMIC_NO_PIC = NO;
				GCC_NO_COMMON_BLOCKS = YES;
				GCC_OPTIMIZATION_LEVEL = 0;
				GCC_PREPROCESSOR_DEFINITIONS = (
					"DEBUG=1",
					"$(inherited)",
				);
				GCC_WARN_64_TO_32_BIT_CONVERSION = YES;
				GCC_WARN_ABOUT_RETURN_TYPE = YES_ERROR;
				GCC_WARN_UNDECLARED_SELECTOR = YES;
				GCC_WARN_UNINITIALIZED_AUTOS = YES_AGGRESSIVE;
				GCC_WARN_UNUSED_FUNCTION = YES;
				GCC_WARN_UNUSED_VARIABLE = YES;
				IPHONEOS_DEPLOYMENT_TARGET = 13.1;
				MTL_ENABLE_DEBUG_INFO = INCLUDE_SOURCE;
				MTL_FAST_MATH = YES;
				ONLY_ACTIVE_ARCH = YES;
				SDKROOT = iphoneos;
				SWIFT_ACTIVE_COMPILATION_CONDITIONS = DEBUG;
				SWIFT_OPTIMIZATION_LEVEL = "-Onone";
			};
			name = Debug;
		};
		067ED66A23690EA2004FA82D /* Release */ = {
			isa = XCBuildConfiguration;
			buildSettings = {
				ALWAYS_SEARCH_USER_PATHS = NO;
				CLANG_ANALYZER_NONNULL = YES;
				CLANG_ANALYZER_NUMBER_OBJECT_CONVERSION = YES_AGGRESSIVE;
				CLANG_CXX_LANGUAGE_STANDARD = "gnu++14";
				CLANG_CXX_LIBRARY = "libc++";
				CLANG_ENABLE_MODULES = YES;
				CLANG_ENABLE_OBJC_ARC = YES;
				CLANG_ENABLE_OBJC_WEAK = YES;
				CLANG_WARN_BLOCK_CAPTURE_AUTORELEASING = YES;
				CLANG_WARN_BOOL_CONVERSION = YES;
				CLANG_WARN_COMMA = YES;
				CLANG_WARN_CONSTANT_CONVERSION = YES;
				CLANG_WARN_DEPRECATED_OBJC_IMPLEMENTATIONS = YES;
				CLANG_WARN_DIRECT_OBJC_ISA_USAGE = YES_ERROR;
				CLANG_WARN_DOCUMENTATION_COMMENTS = YES;
				CLANG_WARN_EMPTY_BODY = YES;
				CLANG_WARN_ENUM_CONVERSION = YES;
				CLANG_WARN_INFINITE_RECURSION = YES;
				CLANG_WARN_INT_CONVERSION = YES;
				CLANG_WARN_NON_LITERAL_NULL_CONVERSION = YES;
				CLANG_WARN_OBJC_IMPLICIT_RETAIN_SELF = YES;
				CLANG_WARN_OBJC_LITERAL_CONVERSION = YES;
				CLANG_WARN_OBJC_ROOT_CLASS = YES_ERROR;
				CLANG_WARN_RANGE_LOOP_ANALYSIS = YES;
				CLANG_WARN_STRICT_PROTOTYPES = YES;
				CLANG_WARN_SUSPICIOUS_MOVE = YES;
				CLANG_WARN_UNGUARDED_AVAILABILITY = YES_AGGRESSIVE;
				CLANG_WARN_UNREACHABLE_CODE = YES;
				CLANG_WARN__DUPLICATE_METHOD_MATCH = YES;
				COPY_PHASE_STRIP = NO;
				DEBUG_INFORMATION_FORMAT = "dwarf-with-dsym";
				ENABLE_NS_ASSERTIONS = NO;
				ENABLE_STRICT_OBJC_MSGSEND = YES;
				GCC_C_LANGUAGE_STANDARD = gnu11;
				GCC_NO_COMMON_BLOCKS = YES;
				GCC_WARN_64_TO_32_BIT_CONVERSION = YES;
				GCC_WARN_ABOUT_RETURN_TYPE = YES_ERROR;
				GCC_WARN_UNDECLARED_SELECTOR = YES;
				GCC_WARN_UNINITIALIZED_AUTOS = YES_AGGRESSIVE;
				GCC_WARN_UNUSED_FUNCTION = YES;
				GCC_WARN_UNUSED_VARIABLE = YES;
				IPHONEOS_DEPLOYMENT_TARGET = 13.1;
				MTL_ENABLE_DEBUG_INFO = NO;
				MTL_FAST_MATH = YES;
				SDKROOT = iphoneos;
				SWIFT_COMPILATION_MODE = wholemodule;
				SWIFT_OPTIMIZATION_LEVEL = "-O";
				VALIDATE_PRODUCT = YES;
			};
			name = Release;
		};
		067ED66C23690EA2004FA82D /* Debug */ = {
			isa = XCBuildConfiguration;
			buildSettings = {
				ASSETCATALOG_COMPILER_APPICON_NAME = AppIcon;
				CLANG_ENABLE_MODULES = YES;
				CODE_SIGN_STYLE = Automatic;
				DEVELOPMENT_ASSET_PATHS = "\"Fitnetic/Preview Content\"";
				DEVELOPMENT_TEAM = G7WLDXK54R;
				ENABLE_PREVIEWS = YES;
				FRAMEWORK_SEARCH_PATHS = (
					"$(inherited)",
					"$(PROJECT_DIR)/Fitnetic/Helpers",
				);
				INFOPLIST_FILE = Fitnetic/Info.plist;
				LD_RUNPATH_SEARCH_PATHS = (
					"$(inherited)",
					"@executable_path/Frameworks",
				);
				PRODUCT_BUNDLE_IDENTIFIER = iOSEngineering.Fitnetic;
				PRODUCT_NAME = "$(TARGET_NAME)";
				SWIFT_OBJC_BRIDGING_HEADER = "Fitnetic/Helpers/Fitnetic-Bridging-Header.h";
				SWIFT_OPTIMIZATION_LEVEL = "-Onone";
				SWIFT_VERSION = 5.0;
				TARGETED_DEVICE_FAMILY = 1;
			};
			name = Debug;
		};
		067ED66D23690EA2004FA82D /* Release */ = {
			isa = XCBuildConfiguration;
			buildSettings = {
				ASSETCATALOG_COMPILER_APPICON_NAME = AppIcon;
				CLANG_ENABLE_MODULES = YES;
				CODE_SIGN_STYLE = Automatic;
				DEVELOPMENT_ASSET_PATHS = "\"Fitnetic/Preview Content\"";
				DEVELOPMENT_TEAM = G7WLDXK54R;
				ENABLE_PREVIEWS = YES;
				FRAMEWORK_SEARCH_PATHS = (
					"$(inherited)",
					"$(PROJECT_DIR)/Fitnetic/Helpers",
				);
				INFOPLIST_FILE = Fitnetic/Info.plist;
				LD_RUNPATH_SEARCH_PATHS = (
					"$(inherited)",
					"@executable_path/Frameworks",
				);
				PRODUCT_BUNDLE_IDENTIFIER = iOSEngineering.Fitnetic;
				PRODUCT_NAME = "$(TARGET_NAME)";
				SWIFT_OBJC_BRIDGING_HEADER = "Fitnetic/Helpers/Fitnetic-Bridging-Header.h";
				SWIFT_VERSION = 5.0;
				TARGETED_DEVICE_FAMILY = 1;
			};
			name = Release;
		};
		067ED66F23690EA2004FA82D /* Debug */ = {
			isa = XCBuildConfiguration;
			buildSettings = {
				ALWAYS_EMBED_SWIFT_STANDARD_LIBRARIES = YES;
				BUNDLE_LOADER = "$(TEST_HOST)";
				CODE_SIGN_STYLE = Automatic;
				INFOPLIST_FILE = FitneticTests/Info.plist;
				IPHONEOS_DEPLOYMENT_TARGET = 13.1;
				LD_RUNPATH_SEARCH_PATHS = (
					"$(inherited)",
					"@executable_path/Frameworks",
					"@loader_path/Frameworks",
				);
				PRODUCT_BUNDLE_IDENTIFIER = iOSEngineering.FitneticTests;
				PRODUCT_NAME = "$(TARGET_NAME)";
				SWIFT_VERSION = 5.0;
				TARGETED_DEVICE_FAMILY = "1,2";
				TEST_HOST = "$(BUILT_PRODUCTS_DIR)/Fitnetic.app/Fitnetic";
			};
			name = Debug;
		};
		067ED67023690EA2004FA82D /* Release */ = {
			isa = XCBuildConfiguration;
			buildSettings = {
				ALWAYS_EMBED_SWIFT_STANDARD_LIBRARIES = YES;
				BUNDLE_LOADER = "$(TEST_HOST)";
				CODE_SIGN_STYLE = Automatic;
				INFOPLIST_FILE = FitneticTests/Info.plist;
				IPHONEOS_DEPLOYMENT_TARGET = 13.1;
				LD_RUNPATH_SEARCH_PATHS = (
					"$(inherited)",
					"@executable_path/Frameworks",
					"@loader_path/Frameworks",
				);
				PRODUCT_BUNDLE_IDENTIFIER = iOSEngineering.FitneticTests;
				PRODUCT_NAME = "$(TARGET_NAME)";
				SWIFT_VERSION = 5.0;
				TARGETED_DEVICE_FAMILY = "1,2";
				TEST_HOST = "$(BUILT_PRODUCTS_DIR)/Fitnetic.app/Fitnetic";
			};
			name = Release;
		};
/* End XCBuildConfiguration section */

/* Begin XCConfigurationList section */
		067ED64423690E9F004FA82D /* Build configuration list for PBXProject "Fitnetic" */ = {
			isa = XCConfigurationList;
			buildConfigurations = (
				067ED66923690EA2004FA82D /* Debug */,
				067ED66A23690EA2004FA82D /* Release */,
			);
			defaultConfigurationIsVisible = 0;
			defaultConfigurationName = Release;
		};
		067ED66B23690EA2004FA82D /* Build configuration list for PBXNativeTarget "Fitnetic" */ = {
			isa = XCConfigurationList;
			buildConfigurations = (
				067ED66C23690EA2004FA82D /* Debug */,
				067ED66D23690EA2004FA82D /* Release */,
			);
			defaultConfigurationIsVisible = 0;
			defaultConfigurationName = Release;
		};
		067ED66E23690EA2004FA82D /* Build configuration list for PBXNativeTarget "FitneticTests" */ = {
			isa = XCConfigurationList;
			buildConfigurations = (
				067ED66F23690EA2004FA82D /* Debug */,
				067ED67023690EA2004FA82D /* Release */,
			);
			defaultConfigurationIsVisible = 0;
			defaultConfigurationName = Release;
		};
/* End XCConfigurationList section */

/* Begin XCVersionGroup section */
		067ED65023690E9F004FA82D /* Fitnetic.xcdatamodeld */ = {
			isa = XCVersionGroup;
			children = (
				067ED65123690E9F004FA82D /* Fitnetic.xcdatamodel */,
			);
			currentVersion = 067ED65123690E9F004FA82D /* Fitnetic.xcdatamodel */;
			path = Fitnetic.xcdatamodeld;
			sourceTree = "<group>";
			versionGroupType = wrapper.xcdatamodel;
		};
/* End XCVersionGroup section */
	};
	rootObject = 067ED64123690E9F004FA82D /* Project object */;
}
